<?xml version="1.0" encoding="UTF-8" standalone="yes" ?>
<CodeBlocks_project_file>
	<FileVersion major="1" minor="6" />
	<Project>
		<Option title="attacker-the-game" />
		<Option platforms="Windows;Unix;" />
		<Option pch_mode="2" />
		<Option compiler="gcc" />
		<Build>
			<Target title="Debug">
				<Option output="../attacker-the-game-private" prefix_auto="1" extension_auto="1" />
				<Option working_dir="../" />
				<Option object_output="obj/Debug/" />
				<Option type="1" />
				<Option compiler="gcc" />
				<Compiler>
					<Add option="-Wall" />
					<Add option="-std=c++14" />
					<Add option="-pg" />
					<Add option="-g" />
					<Add option="-DDEFINED_BUILD_MODE_PRIVATE" />
					<Add option="-D_GLIBCXX_USE_CXX11_ABI 0" />
					<Add directory="src/" />
					<Add directory="../SDL2Stuff/include" />
				</Compiler>
				<Linker>
					<Add option="-pg -lgmon" />
					<Add directory="../SDL2Stuff/lib" />
					<Add directory="C:/MinGW/lib" />
				</Linker>
				<Environment>
					<Variable name="BUILD_MODE" value="-DDEFINED_BUILD_MODE_PRIVATE" />
				</Environment>
			</Target>
			<Target title="Release">
				<Option output="../attacker-the-game" prefix_auto="1" extension_auto="1" />
				<Option working_dir="../" />
				<Option object_output="obj/Release/" />
				<Option type="1" />
				<Option compiler="gcc" />
				<Option use_console_runner="0" />
				<Compiler>
					<Add option="-O2" />
					<Add option="-w" />
					<Add option="-D__NO_INLINE__" />
					<Add directory="src/" />
				</Compiler>
				<Linker>
					<Add option="-s" />
				</Linker>
				<Environment>
					<Variable name="BUILD_MODE" value="" />
				</Environment>
			</Target>
		</Build>
		<Compiler>
			<Add option="-Wall" />
			<Add option="-std=c++11" />
			<Add option="-fexceptions" />
			<Add directory="../SDL2Stuff" />
			<Add directory="../SDL2Stuff/include" />
		</Compiler>
		<Linker>
			<Add option="-L..\SDL2Stuff\lib\" />
			<Add option="-LC:\MinGW\lib\" />
			<Add library="mingw32" />
			<Add library="SDL2main" />
			<Add library="SDL2" />
			<Add library="SDL2_image" />
			<Add library="SDL2_ttf" />
			<Add directory="../SDL2Stuff" />
		</Linker>
		<Unit filename="../res/boilerplate.rc">
			<Option compilerVar="WINDRES" />
			<Option weight="97" />
			<Option compiler="gcc" use="1" buildCommand="$rescomp $file $(BUILD_MODE) -O coff $resource_output" />
		</Unit>
		<Unit filename="../src/calculations.cpp" />
		<Unit filename="../src/calculations.h" />
		<Unit filename="../src/chest.cpp" />
		<Unit filename="../src/chest.h" />
		<Unit filename="../src/config.cpp" />
		<Unit filename="../src/config.h" />
		<Unit filename="../src/core.cpp" />
		<Unit filename="../src/core.h" />
		<Unit filename="../src/door.cpp" />
		<Unit filename="../src/door.h" />
		<Unit filename="../src/global.h" />
		<Unit filename="../src/main.cpp" />
		<Unit filename="../src/menu.cpp" />
		<Unit filename="../src/menu.h" />
		<Unit filename="../src/monster.cpp" />
		<Unit filename="../src/monster.h" />
		<Unit filename="../src/player.cpp" />
		<Unit filename="../src/player.h" />
		<Unit filename="../src/rooms.cpp" />
		<Unit filename="../src/rooms.h" />
		<Unit filename="../src/save.cpp" />
		<Unit filename="../src/save.h" />
		<Unit filename="../src/screen.cpp" />
		<Unit filename="../src/screen.h" />
		<Unit filename="../src/sound.cpp" />
		<Unit filename="../src/sound.h" />
		<Unit filename="../src/version.h" />
		<Extensions>
			<code_completion />
			<envvars />
			<debugger />
			<DoxyBlocks>
				<comment_style block="2" line="0" />
				<doxyfile_project project_number="0.9.1-Alpha" output_directory="doxygen" />
				<doxyfile_build />
				<doxyfile_warnings />
				<doxyfile_output />
				<doxyfile_dot class_diagrams="1" have_dot="1" />
				<general use_at_in_tags="1" />
			</DoxyBlocks>
		</Extensions>
	</Project>
</CodeBlocks_project_file>
